
Microsoft Visual Studio Solution File, Format Version 12.00
# Visual Studio Version 17
VisualStudioVersion = 17.3.32929.385
MinimumVisualStudioVersion = 10.0.40219.1
Project("{FAE04EC0-301F-11D3-BF4B-00C04F79EFBC}") = "Syntax_Recap", "Syntax_Recap.csproj", "{ACADA076-69CC-4BA0-8D1F-5C90B752D102}"
EndProject
Global
	GlobalSection(SolutionConfigurationPlatforms) = preSolution
		Debug|Any CPU = Debug|Any CPU
		Release|Any CPU = Release|Any CPU
	EndGlobalSection
	GlobalSection(ProjectConfigurationPlatforms) = postSolution
		{ACADA076-69CC-4BA0-8D1F-5C90B752D102}.Debug|Any CPU.ActiveCfg = Debug|Any CPU
		{ACADA076-69CC-4BA0-8D1F-5C90B752D102}.Debug|Any CPU.Build.0 = Debug|Any CPU
		{ACADA076-69CC-4BA0-8D1F-5C90B752D102}.Release|Any CPU.ActiveCfg = Release|Any CPU
		{ACADA076-69CC-4BA0-8D1F-5C90B752D102}.Release|Any CPU.Build.0 = Release|Any CPU
	EndGlobalSection
	GlobalSection(SolutionProperties) = preSolution
		HideSolutionNode = FALSE
	EndGlobalSection
	GlobalSection(ExtensibilityGlobals) = postSolution
		SolutionGuid = {7B598182-4A73-4B12-8BD9-65AC34A45A43}
	EndGlobalSection
EndGlobal
