
Microsoft Visual Studio Solution File, Format Version 12.00
# Visual Studio Version 17
VisualStudioVersion = 17.2.32616.157
MinimumVisualStudioVersion = 10.0.40219.1
Project("{9A19103F-16F7-4668-BE54-9A1E7A4F7556}") = "LoopsTesting", "LoopsTesting\LoopsTesting.csproj", "{4C23207C-8C8B-4537-86DA-98110E45D4DB}"
EndProject
Project("{9A19103F-16F7-4668-BE54-9A1E7A4F7556}") = "OopTesting", "OopTesting\OopTesting.csproj", "{D4D4757F-5401-4DB6-A4C7-9C1EE686C950}"
EndProject
Project("{9A19103F-16F7-4668-BE54-9A1E7A4F7556}") = "FIbonacci_with_input_ready", "futhertesting\FIbonacci_with_input_ready.csproj", "{900F02DD-135A-46EA-9EED-A4AA1EC2905F}"
EndProject
Project("{FAE04EC0-301F-11D3-BF4B-00C04F79EFBC}") = "ObjectOrientedProgramming", "ObjectOrientedProgramming\ObjectOrientedProgramming.csproj", "{8DBBDB1C-C9E9-49A0-B1F2-5D6ABE97286C}"
EndProject
Global
	GlobalSection(SolutionConfigurationPlatforms) = preSolution
		Debug|Any CPU = Debug|Any CPU
		Release|Any CPU = Release|Any CPU
	EndGlobalSection
	GlobalSection(ProjectConfigurationPlatforms) = postSolution
		{4C23207C-8C8B-4537-86DA-98110E45D4DB}.Debug|Any CPU.ActiveCfg = Debug|Any CPU
		{4C23207C-8C8B-4537-86DA-98110E45D4DB}.Debug|Any CPU.Build.0 = Debug|Any CPU
		{4C23207C-8C8B-4537-86DA-98110E45D4DB}.Release|Any CPU.ActiveCfg = Release|Any CPU
		{4C23207C-8C8B-4537-86DA-98110E45D4DB}.Release|Any CPU.Build.0 = Release|Any CPU
		{D4D4757F-5401-4DB6-A4C7-9C1EE686C950}.Debug|Any CPU.ActiveCfg = Debug|Any CPU
		{D4D4757F-5401-4DB6-A4C7-9C1EE686C950}.Debug|Any CPU.Build.0 = Debug|Any CPU
		{D4D4757F-5401-4DB6-A4C7-9C1EE686C950}.Release|Any CPU.ActiveCfg = Release|Any CPU
		{D4D4757F-5401-4DB6-A4C7-9C1EE686C950}.Release|Any CPU.Build.0 = Release|Any CPU
		{900F02DD-135A-46EA-9EED-A4AA1EC2905F}.Debug|Any CPU.ActiveCfg = Debug|Any CPU
		{900F02DD-135A-46EA-9EED-A4AA1EC2905F}.Debug|Any CPU.Build.0 = Debug|Any CPU
		{900F02DD-135A-46EA-9EED-A4AA1EC2905F}.Release|Any CPU.ActiveCfg = Release|Any CPU
		{900F02DD-135A-46EA-9EED-A4AA1EC2905F}.Release|Any CPU.Build.0 = Release|Any CPU
		{8DBBDB1C-C9E9-49A0-B1F2-5D6ABE97286C}.Debug|Any CPU.ActiveCfg = Debug|Any CPU
		{8DBBDB1C-C9E9-49A0-B1F2-5D6ABE97286C}.Debug|Any CPU.Build.0 = Debug|Any CPU
		{8DBBDB1C-C9E9-49A0-B1F2-5D6ABE97286C}.Release|Any CPU.ActiveCfg = Release|Any CPU
		{8DBBDB1C-C9E9-49A0-B1F2-5D6ABE97286C}.Release|Any CPU.Build.0 = Release|Any CPU
	EndGlobalSection
	GlobalSection(SolutionProperties) = preSolution
		HideSolutionNode = FALSE
	EndGlobalSection
	GlobalSection(ExtensibilityGlobals) = postSolution
		SolutionGuid = {EE9E5DE1-6611-4DE1-AB82-A000AB122CDB}
	EndGlobalSection
EndGlobal
