
Microsoft Visual Studio Solution File, Format Version 12.00
# Visual Studio Version 17
VisualStudioVersion = 17.3.32929.385
MinimumVisualStudioVersion = 10.0.40219.1
Project("{FAE04EC0-301F-11D3-BF4B-00C04F79EFBC}") = "Console_app_quest", "Console_app_quest.csproj", "{7A523FFF-1698-40ED-8869-E3B0EF6A8637}"
EndProject
Global
	GlobalSection(SolutionConfigurationPlatforms) = preSolution
		Debug|Any CPU = Debug|Any CPU
		Release|Any CPU = Release|Any CPU
	EndGlobalSection
	GlobalSection(ProjectConfigurationPlatforms) = postSolution
		{7A523FFF-1698-40ED-8869-E3B0EF6A8637}.Debug|Any CPU.ActiveCfg = Debug|Any CPU
		{7A523FFF-1698-40ED-8869-E3B0EF6A8637}.Debug|Any CPU.Build.0 = Debug|Any CPU
		{7A523FFF-1698-40ED-8869-E3B0EF6A8637}.Release|Any CPU.ActiveCfg = Release|Any CPU
		{7A523FFF-1698-40ED-8869-E3B0EF6A8637}.Release|Any CPU.Build.0 = Release|Any CPU
	EndGlobalSection
	GlobalSection(SolutionProperties) = preSolution
		HideSolutionNode = FALSE
	EndGlobalSection
	GlobalSection(ExtensibilityGlobals) = postSolution
		SolutionGuid = {AAAAB4B0-7973-40C4-99E2-50F854E6A6D7}
	EndGlobalSection
EndGlobal
