
Microsoft Visual Studio Solution File, Format Version 12.00
# Visual Studio Version 17
VisualStudioVersion = 17.3.32819.101
MinimumVisualStudioVersion = 10.0.40219.1
Project("{FAE04EC0-301F-11D3-BF4B-00C04F79EFBC}") = "virtual_ovverride_practising_OOP", "virtual_ovverride_practising_OOP\virtual_ovverride_practising_OOP.csproj", "{D65AE6AF-DEA1-4BF6-A799-6A5B528B8143}"
EndProject
Global
	GlobalSection(SolutionConfigurationPlatforms) = preSolution
		Debug|Any CPU = Debug|Any CPU
		Release|Any CPU = Release|Any CPU
	EndGlobalSection
	GlobalSection(ProjectConfigurationPlatforms) = postSolution
		{D65AE6AF-DEA1-4BF6-A799-6A5B528B8143}.Debug|Any CPU.ActiveCfg = Debug|Any CPU
		{D65AE6AF-DEA1-4BF6-A799-6A5B528B8143}.Debug|Any CPU.Build.0 = Debug|Any CPU
		{D65AE6AF-DEA1-4BF6-A799-6A5B528B8143}.Release|Any CPU.ActiveCfg = Release|Any CPU
		{D65AE6AF-DEA1-4BF6-A799-6A5B528B8143}.Release|Any CPU.Build.0 = Release|Any CPU
	EndGlobalSection
	GlobalSection(SolutionProperties) = preSolution
		HideSolutionNode = FALSE
	EndGlobalSection
	GlobalSection(ExtensibilityGlobals) = postSolution
		SolutionGuid = {88115C31-E488-4DA6-954F-66C8F402D603}
	EndGlobalSection
EndGlobal
