
Microsoft Visual Studio Solution File, Format Version 12.00
# Visual Studio Version 17
VisualStudioVersion = 17.3.32819.101
MinimumVisualStudioVersion = 10.0.40219.1
Project("{FAE04EC0-301F-11D3-BF4B-00C04F79EFBC}") = "virtual_override", "virtual_override\virtual_override.csproj", "{DC6511A5-2C48-4508-885D-BBAEAEBE6296}"
EndProject
Global
	GlobalSection(SolutionConfigurationPlatforms) = preSolution
		Debug|Any CPU = Debug|Any CPU
		Release|Any CPU = Release|Any CPU
	EndGlobalSection
	GlobalSection(ProjectConfigurationPlatforms) = postSolution
		{DC6511A5-2C48-4508-885D-BBAEAEBE6296}.Debug|Any CPU.ActiveCfg = Debug|Any CPU
		{DC6511A5-2C48-4508-885D-BBAEAEBE6296}.Debug|Any CPU.Build.0 = Debug|Any CPU
		{DC6511A5-2C48-4508-885D-BBAEAEBE6296}.Release|Any CPU.ActiveCfg = Release|Any CPU
		{DC6511A5-2C48-4508-885D-BBAEAEBE6296}.Release|Any CPU.Build.0 = Release|Any CPU
	EndGlobalSection
	GlobalSection(SolutionProperties) = preSolution
		HideSolutionNode = FALSE
	EndGlobalSection
	GlobalSection(ExtensibilityGlobals) = postSolution
		SolutionGuid = {6863D324-59FE-4FC4-A915-82F3A3FDC680}
	EndGlobalSection
EndGlobal
