
Microsoft Visual Studio Solution File, Format Version 12.00
# Visual Studio Version 17
VisualStudioVersion = 17.2.32616.157
MinimumVisualStudioVersion = 10.0.40219.1
Project("{FAE04EC0-301F-11D3-BF4B-00C04F79EFBC}") = "ConsoleApp2Test", "ConsoleApp2Test\ConsoleApp2Test.csproj", "{05D0F1FE-C161-4BF3-BDBC-ABF0765E4C54}"
EndProject
Global
	GlobalSection(SolutionConfigurationPlatforms) = preSolution
		Debug|Any CPU = Debug|Any CPU
		Release|Any CPU = Release|Any CPU
	EndGlobalSection
	GlobalSection(ProjectConfigurationPlatforms) = postSolution
		{05D0F1FE-C161-4BF3-BDBC-ABF0765E4C54}.Debug|Any CPU.ActiveCfg = Debug|Any CPU
		{05D0F1FE-C161-4BF3-BDBC-ABF0765E4C54}.Debug|Any CPU.Build.0 = Debug|Any CPU
		{05D0F1FE-C161-4BF3-BDBC-ABF0765E4C54}.Release|Any CPU.ActiveCfg = Release|Any CPU
		{05D0F1FE-C161-4BF3-BDBC-ABF0765E4C54}.Release|Any CPU.Build.0 = Release|Any CPU
	EndGlobalSection
	GlobalSection(SolutionProperties) = preSolution
		HideSolutionNode = FALSE
	EndGlobalSection
	GlobalSection(ExtensibilityGlobals) = postSolution
		SolutionGuid = {D0ECF0C1-B86A-403A-9334-6837B7F01DA7}
	EndGlobalSection
EndGlobal
