
Microsoft Visual Studio Solution File, Format Version 12.00
# Visual Studio Version 17
VisualStudioVersion = 17.4.33213.308
MinimumVisualStudioVersion = 10.0.40219.1
Project("{FAE04EC0-301F-11D3-BF4B-00C04F79EFBC}") = "WebApplication1", "WebApplication1\WebApplication1.csproj", "{8A605460-C7CE-4CB5-A1BE-BD66B75F5930}"
EndProject
Global
	GlobalSection(SolutionConfigurationPlatforms) = preSolution
		Debug|Any CPU = Debug|Any CPU
		Release|Any CPU = Release|Any CPU
	EndGlobalSection
	GlobalSection(ProjectConfigurationPlatforms) = postSolution
		{8A605460-C7CE-4CB5-A1BE-BD66B75F5930}.Debug|Any CPU.ActiveCfg = Debug|Any CPU
		{8A605460-C7CE-4CB5-A1BE-BD66B75F5930}.Debug|Any CPU.Build.0 = Debug|Any CPU
		{8A605460-C7CE-4CB5-A1BE-BD66B75F5930}.Release|Any CPU.ActiveCfg = Release|Any CPU
		{8A605460-C7CE-4CB5-A1BE-BD66B75F5930}.Release|Any CPU.Build.0 = Release|Any CPU
	EndGlobalSection
	GlobalSection(SolutionProperties) = preSolution
		HideSolutionNode = FALSE
	EndGlobalSection
	GlobalSection(ExtensibilityGlobals) = postSolution
		SolutionGuid = {DA8FEEBD-C34D-46CE-8FBD-04B869E75A88}
	EndGlobalSection
EndGlobal
