
Microsoft Visual Studio Solution File, Format Version 12.00
# Visual Studio Version 17
VisualStudioVersion = 17.3.32929.385
MinimumVisualStudioVersion = 10.0.40219.1
Project("{FAE04EC0-301F-11D3-BF4B-00C04F79EFBC}") = "MVC_Take1", "MVC_Take1\MVC_Take1.csproj", "{1189C3CA-F407-426E-8340-F0FD8E0B5372}"
EndProject
Global
	GlobalSection(SolutionConfigurationPlatforms) = preSolution
		Debug|Any CPU = Debug|Any CPU
		Release|Any CPU = Release|Any CPU
	EndGlobalSection
	GlobalSection(ProjectConfigurationPlatforms) = postSolution
		{1189C3CA-F407-426E-8340-F0FD8E0B5372}.Debug|Any CPU.ActiveCfg = Debug|Any CPU
		{1189C3CA-F407-426E-8340-F0FD8E0B5372}.Debug|Any CPU.Build.0 = Debug|Any CPU
		{1189C3CA-F407-426E-8340-F0FD8E0B5372}.Release|Any CPU.ActiveCfg = Release|Any CPU
		{1189C3CA-F407-426E-8340-F0FD8E0B5372}.Release|Any CPU.Build.0 = Release|Any CPU
	EndGlobalSection
	GlobalSection(SolutionProperties) = preSolution
		HideSolutionNode = FALSE
	EndGlobalSection
	GlobalSection(ExtensibilityGlobals) = postSolution
		SolutionGuid = {167BB11E-9C0C-4C73-AC7F-4B45FBDBBEF7}
	EndGlobalSection
EndGlobal
