
Microsoft Visual Studio Solution File, Format Version 12.00
# Visual Studio Version 17
VisualStudioVersion = 17.3.32819.101
MinimumVisualStudioVersion = 10.0.40219.1
Project("{FAE04EC0-301F-11D3-BF4B-00C04F79EFBC}") = "WpfApp1", "WpfApp1\WpfApp1.csproj", "{A56AF292-A9A5-43B1-A33C-9F1E8C757380}"
EndProject
Global
	GlobalSection(SolutionConfigurationPlatforms) = preSolution
		Debug|Any CPU = Debug|Any CPU
		Release|Any CPU = Release|Any CPU
	EndGlobalSection
	GlobalSection(ProjectConfigurationPlatforms) = postSolution
		{A56AF292-A9A5-43B1-A33C-9F1E8C757380}.Debug|Any CPU.ActiveCfg = Debug|Any CPU
		{A56AF292-A9A5-43B1-A33C-9F1E8C757380}.Debug|Any CPU.Build.0 = Debug|Any CPU
		{A56AF292-A9A5-43B1-A33C-9F1E8C757380}.Release|Any CPU.ActiveCfg = Release|Any CPU
		{A56AF292-A9A5-43B1-A33C-9F1E8C757380}.Release|Any CPU.Build.0 = Release|Any CPU
	EndGlobalSection
	GlobalSection(SolutionProperties) = preSolution
		HideSolutionNode = FALSE
	EndGlobalSection
	GlobalSection(ExtensibilityGlobals) = postSolution
		SolutionGuid = {F9F82F31-875F-489C-AA65-76D4E54DC85C}
	EndGlobalSection
EndGlobal
