
Microsoft Visual Studio Solution File, Format Version 12.00
# Visual Studio Version 17
VisualStudioVersion = 17.3.32819.101
MinimumVisualStudioVersion = 10.0.40219.1
Project("{FAE04EC0-301F-11D3-BF4B-00C04F79EFBC}") = "PostProject", "PostProject\PostProject.csproj", "{1183C33D-6117-4D17-AA55-DDF948E61DBE}"
EndProject
Global
	GlobalSection(SolutionConfigurationPlatforms) = preSolution
		Debug|Any CPU = Debug|Any CPU
		Release|Any CPU = Release|Any CPU
	EndGlobalSection
	GlobalSection(ProjectConfigurationPlatforms) = postSolution
		{1183C33D-6117-4D17-AA55-DDF948E61DBE}.Debug|Any CPU.ActiveCfg = Debug|Any CPU
		{1183C33D-6117-4D17-AA55-DDF948E61DBE}.Debug|Any CPU.Build.0 = Debug|Any CPU
		{1183C33D-6117-4D17-AA55-DDF948E61DBE}.Release|Any CPU.ActiveCfg = Release|Any CPU
		{1183C33D-6117-4D17-AA55-DDF948E61DBE}.Release|Any CPU.Build.0 = Release|Any CPU
	EndGlobalSection
	GlobalSection(SolutionProperties) = preSolution
		HideSolutionNode = FALSE
	EndGlobalSection
	GlobalSection(ExtensibilityGlobals) = postSolution
		SolutionGuid = {240BF458-81CF-438C-88C8-4E9C10ADF933}
	EndGlobalSection
EndGlobal
