
Microsoft Visual Studio Solution File, Format Version 12.00
# Visual Studio Version 17
VisualStudioVersion = 17.4.33213.308
MinimumVisualStudioVersion = 10.0.40219.1
Project("{FAE04EC0-301F-11D3-BF4B-00C04F79EFBC}") = "Test_Patryk", "Test_Patryk\Test_Patryk.csproj", "{39E8AB76-DF1C-494F-B1ED-327B1472E82A}"
EndProject
Global
	GlobalSection(SolutionConfigurationPlatforms) = preSolution
		Debug|Any CPU = Debug|Any CPU
		Release|Any CPU = Release|Any CPU
	EndGlobalSection
	GlobalSection(ProjectConfigurationPlatforms) = postSolution
		{39E8AB76-DF1C-494F-B1ED-327B1472E82A}.Debug|Any CPU.ActiveCfg = Debug|Any CPU
		{39E8AB76-DF1C-494F-B1ED-327B1472E82A}.Debug|Any CPU.Build.0 = Debug|Any CPU
		{39E8AB76-DF1C-494F-B1ED-327B1472E82A}.Release|Any CPU.ActiveCfg = Release|Any CPU
		{39E8AB76-DF1C-494F-B1ED-327B1472E82A}.Release|Any CPU.Build.0 = Release|Any CPU
	EndGlobalSection
	GlobalSection(SolutionProperties) = preSolution
		HideSolutionNode = FALSE
	EndGlobalSection
	GlobalSection(ExtensibilityGlobals) = postSolution
		SolutionGuid = {B1ED36DF-7098-4CD9-B4EE-1A306012C10D}
	EndGlobalSection
EndGlobal
